<Solution>
  <Folder Name="/PostmanCollection/">
    <File Path="PostmanCollection/OrleansAuction.postman_collection.json" />
  </Folder>
  <Folder Name="/Solution Items/">
    <File Path="docker-compose.yml" />
  </Folder>
  <Project Path="OrleansAuction.Client/OrleansAuction.Client.csproj" />
  <Project Path="OrleansAuction.Shared/OrleansAuction.Shared.csproj" />
  <Project Path="OrleansAuction.Silo/OrleansAuction.Silo.csproj" />
</Solution>
